
Microsoft Visual Studio Solution File, Format Version 12.00
# Visual Studio Version 17
VisualStudioVersion = 17.8.34511.84
MinimumVisualStudioVersion = 10.0.40219.1
Project("{FAE04EC0-301F-11D3-BF4B-00C04F79EFBC}") = "DXWebApplication9", "DXWebApplication9\DXWebApplication9.csproj", "{5D747268-54D1-4805-BAF8-65EFA8999CD2}"
EndProject
Project("{2150E333-8FDC-42A3-9474-1A3956D46DE8}") = "DevExtreme NuGet.config", "DevExtreme NuGet.config", "{4F6EC981-7B01-48F9-ACC5-6F8B53A3395B}"
	ProjectSection(SolutionItems) = preProject
		NuGet.config = NuGet.config
	EndProjectSection
EndProject
Global
	GlobalSection(SolutionConfigurationPlatforms) = preSolution
		Debug|Any CPU = Debug|Any CPU
		Release|Any CPU = Release|Any CPU
	EndGlobalSection
	GlobalSection(ProjectConfigurationPlatforms) = postSolution
		{5D747268-54D1-4805-BAF8-65EFA8999CD2}.Debug|Any CPU.ActiveCfg = Debug|Any CPU
		{5D747268-54D1-4805-BAF8-65EFA8999CD2}.Debug|Any CPU.Build.0 = Debug|Any CPU
		{5D747268-54D1-4805-BAF8-65EFA8999CD2}.Release|Any CPU.ActiveCfg = Release|Any CPU
		{5D747268-54D1-4805-BAF8-65EFA8999CD2}.Release|Any CPU.Build.0 = Release|Any CPU
	EndGlobalSection
	GlobalSection(SolutionProperties) = preSolution
		HideSolutionNode = FALSE
	EndGlobalSection
EndGlobal
